
Microsoft Visual Studio Solution File, Format Version 12.00
# Visual Studio 2012
Project("{FAE04EC0-301F-11D3-BF4B-00C04F79EFBC}") = "AutoNumber", "AutoNumber\AutoNumber.csproj", "{EEAC795E-4481-4417-8774-8061CF2BABFB}"
EndProject
Global
	GlobalSection(SolutionConfigurationPlatforms) = preSolution
		Debug|Any CPU = Debug|Any CPU
		Release|Any CPU = Release|Any CPU
	EndGlobalSection
	GlobalSection(ProjectConfigurationPlatforms) = postSolution
		{EEAC795E-4481-4417-8774-8061CF2BABFB}.Debug|Any CPU.ActiveCfg = Debug|Any CPU
		{EEAC795E-4481-4417-8774-8061CF2BABFB}.Debug|Any CPU.Build.0 = Debug|Any CPU
		{EEAC795E-4481-4417-8774-8061CF2BABFB}.Release|Any CPU.ActiveCfg = Release|Any CPU
		{EEAC795E-4481-4417-8774-8061CF2BABFB}.Release|Any CPU.Build.0 = Release|Any CPU
	EndGlobalSection
	GlobalSection(SolutionProperties) = preSolution
		HideSolutionNode = FALSE
	EndGlobalSection
	GlobalSection(ExtensibilityGlobals) = postSolution
		ConfigurationFilter = 
		AssemblyInfoFilePath = 
		UpdateAssemblyVersion = False
		UpdateAssemblyFileVersion = True
		UpdateAssemblyInfoVersion = False
		AssemblyVersionSettings = 
		AssemblyFileVersionSettings = IncrementOnDemand.IncrementOnDemand.YearStamp.Increment
		AssemblyInfoVersionSettings = 
	EndGlobalSection
EndGlobal
